// !$*UTF8*$!
{
	archiveVersion = 1;
	classes = {
	};
	objectVersion = 56;
	objects = {

/* Begin PBXBuildFile section */
		75002430298DF44700852C91 /* DataHandler.swift in Sources */ = {isa = PBXBuildFile; fileRef = 7500242F298DF44700852C91 /* DataHandler.swift */; };
		75002432298DF47F00852C91 /* SoundPlayer.swift in Sources */ = {isa = PBXBuildFile; fileRef = 75002431298DF47F00852C91 /* SoundPlayer.swift */; };
		75002436298DF4DB00852C91 /* Extensions.swift in Sources */ = {isa = PBXBuildFile; fileRef = 75002435298DF4DB00852C91 /* Extensions.swift */; };
		75296FE0299D72D800060926 /* TicTacToeClassification.mlmodel in Sources */ = {isa = PBXBuildFile; fileRef = 75296FDF299D72D800060926 /* TicTacToeClassification.mlmodel */; };
		753B3AA72980500F00EDDEFD /* TicTacToeGame.swift in Sources */ = {isa = PBXBuildFile; fileRef = 753B3AA62980500F00EDDEFD /* TicTacToeGame.swift */; };
		753B3AA929819A1900EDDEFD /* GameBoardGrid.swift in Sources */ = {isa = PBXBuildFile; fileRef = 753B3AA829819A1900EDDEFD /* GameBoardGrid.swift */; };
		753B3AAB2983227400EDDEFD /* Applause.mp3 in Resources */ = {isa = PBXBuildFile; fileRef = 753B3AAA2983227400EDDEFD /* Applause.mp3 */; };
		756AACBE2992F1A5008A24B8 /* Chalkduster.ttf in Resources */ = {isa = PBXBuildFile; fileRef = 756AACBD2992F1A5008A24B8 /* Chalkduster.ttf */; };
		756AACC02995730F008A24B8 /* Player.swift in Sources */ = {isa = PBXBuildFile; fileRef = 756AACBF2995730F008A24B8 /* Player.swift */; };
		75C021BF29843E6A0034FB26 /* SettingsView.swift in Sources */ = {isa = PBXBuildFile; fileRef = 75C021BE29843E6A0034FB26 /* SettingsView.swift */; };
		75C021C1298C9D730034FB26 /* MCConnector.swift in Sources */ = {isa = PBXBuildFile; fileRef = 75C021C0298C9D730034FB26 /* MCConnector.swift */; };
		75C021C4298DC0EF0034FB26 /* GameViewModel.swift in Sources */ = {isa = PBXBuildFile; fileRef = 75C021C3298DC0EF0034FB26 /* GameViewModel.swift */; };
		75C7617D297EF8E2007178B4 /* TicTacToeApp.swift in Sources */ = {isa = PBXBuildFile; fileRef = 75C7617C297EF8E2007178B4 /* TicTacToeApp.swift */; };
		75C7617F297EF8E2007178B4 /* GameView.swift in Sources */ = {isa = PBXBuildFile; fileRef = 75C7617E297EF8E2007178B4 /* GameView.swift */; };
		75C76181297EF8E4007178B4 /* Assets.xcassets in Resources */ = {isa = PBXBuildFile; fileRef = 75C76180297EF8E4007178B4 /* Assets.xcassets */; };
		75C76184297EF8E4007178B4 /* Preview Assets.xcassets in Resources */ = {isa = PBXBuildFile; fileRef = 75C76183297EF8E4007178B4 /* Preview Assets.xcassets */; };
/* End PBXBuildFile section */

/* Begin PBXFileReference section */
		7500242F298DF44700852C91 /* DataHandler.swift */ = {isa = PBXFileReference; lastKnownFileType = sourcecode.swift; path = DataHandler.swift; sourceTree = "<group>"; };
		75002431298DF47F00852C91 /* SoundPlayer.swift */ = {isa = PBXFileReference; lastKnownFileType = sourcecode.swift; path = SoundPlayer.swift; sourceTree = "<group>"; };
		75002435298DF4DB00852C91 /* Extensions.swift */ = {isa = PBXFileReference; lastKnownFileType = sourcecode.swift; path = Extensions.swift; sourceTree = "<group>"; };
		75296FDF299D72D800060926 /* TicTacToeClassification.mlmodel */ = {isa = PBXFileReference; lastKnownFileType = file.mlmodel; path = TicTacToeClassification.mlmodel; sourceTree = "<group>"; };
		753B3AA62980500F00EDDEFD /* TicTacToeGame.swift */ = {isa = PBXFileReference; lastKnownFileType = sourcecode.swift; path = TicTacToeGame.swift; sourceTree = "<group>"; };
		753B3AA829819A1900EDDEFD /* GameBoardGrid.swift */ = {isa = PBXFileReference; lastKnownFileType = sourcecode.swift; path = GameBoardGrid.swift; sourceTree = "<group>"; };
		753B3AAA2983227400EDDEFD /* Applause.mp3 */ = {isa = PBXFileReference; lastKnownFileType = audio.mp3; path = Applause.mp3; sourceTree = "<group>"; };
		756AACBD2992F1A5008A24B8 /* Chalkduster.ttf */ = {isa = PBXFileReference; lastKnownFileType = file; path = Chalkduster.ttf; sourceTree = "<group>"; };
		756AACBF2995730F008A24B8 /* Player.swift */ = {isa = PBXFileReference; lastKnownFileType = sourcecode.swift; path = Player.swift; sourceTree = "<group>"; };
		75C021BE29843E6A0034FB26 /* SettingsView.swift */ = {isa = PBXFileReference; lastKnownFileType = sourcecode.swift; path = SettingsView.swift; sourceTree = "<group>"; };
		75C021C0298C9D730034FB26 /* MCConnector.swift */ = {isa = PBXFileReference; lastKnownFileType = sourcecode.swift; path = MCConnector.swift; sourceTree = "<group>"; };
		75C021C2298CB3BA0034FB26 /* Info.plist */ = {isa = PBXFileReference; lastKnownFileType = text.plist; path = Info.plist; sourceTree = "<group>"; };
		75C021C3298DC0EF0034FB26 /* GameViewModel.swift */ = {isa = PBXFileReference; lastKnownFileType = sourcecode.swift; path = GameViewModel.swift; sourceTree = "<group>"; };
		75C76179297EF8E2007178B4 /* TicTacToe.app */ = {isa = PBXFileReference; explicitFileType = wrapper.application; includeInIndex = 0; path = TicTacToe.app; sourceTree = BUILT_PRODUCTS_DIR; };
		75C7617C297EF8E2007178B4 /* TicTacToeApp.swift */ = {isa = PBXFileReference; lastKnownFileType = sourcecode.swift; path = TicTacToeApp.swift; sourceTree = "<group>"; };
		75C7617E297EF8E2007178B4 /* GameView.swift */ = {isa = PBXFileReference; lastKnownFileType = sourcecode.swift; path = GameView.swift; sourceTree = "<group>"; };
		75C76180297EF8E4007178B4 /* Assets.xcassets */ = {isa = PBXFileReference; lastKnownFileType = folder.assetcatalog; path = Assets.xcassets; sourceTree = "<group>"; };
		75C76183297EF8E4007178B4 /* Preview Assets.xcassets */ = {isa = PBXFileReference; lastKnownFileType = folder.assetcatalog; path = "Preview Assets.xcassets"; sourceTree = "<group>"; };
/* End PBXFileReference section */

/* Begin PBXFrameworksBuildPhase section */
		75C76176297EF8E2007178B4 /* Frameworks */ = {
			isa = PBXFrameworksBuildPhase;
			buildActionMask = 2147483647;
			files = (
			);
			runOnlyForDeploymentPostprocessing = 0;
		};
/* End PBXFrameworksBuildPhase section */

/* Begin PBXGroup section */
		75C76170297EF8E2007178B4 = {
			isa = PBXGroup;
			children = (
				75C7617B297EF8E2007178B4 /* TicTacToe */,
				75C7617A297EF8E2007178B4 /* Products */,
			);
			sourceTree = "<group>";
		};
		75C7617A297EF8E2007178B4 /* Products */ = {
			isa = PBXGroup;
			children = (
				75C76179297EF8E2007178B4 /* TicTacToe.app */,
			);
			name = Products;
			sourceTree = "<group>";
		};
		75C7617B297EF8E2007178B4 /* TicTacToe */ = {
			isa = PBXGroup;
			children = (
				75C021C2298CB3BA0034FB26 /* Info.plist */,
				75C7617C297EF8E2007178B4 /* TicTacToeApp.swift */,
				75C7617E297EF8E2007178B4 /* GameView.swift */,
				75C021BE29843E6A0034FB26 /* SettingsView.swift */,
				753B3AA829819A1900EDDEFD /* GameBoardGrid.swift */,
				753B3AA62980500F00EDDEFD /* TicTacToeGame.swift */,
				756AACBF2995730F008A24B8 /* Player.swift */,
				75C021C3298DC0EF0034FB26 /* GameViewModel.swift */,
				75C021C0298C9D730034FB26 /* MCConnector.swift */,
				7500242F298DF44700852C91 /* DataHandler.swift */,
				75002431298DF47F00852C91 /* SoundPlayer.swift */,
				75002435298DF4DB00852C91 /* Extensions.swift */,
				75296FDF299D72D800060926 /* TicTacToeClassification.mlmodel */,
				75C76180297EF8E4007178B4 /* Assets.xcassets */,
				753B3AAA2983227400EDDEFD /* Applause.mp3 */,
				756AACBD2992F1A5008A24B8 /* Chalkduster.ttf */,
				75C76182297EF8E4007178B4 /* Preview Content */,
			);
			path = TicTacToe;
			sourceTree = "<group>";
		};
		75C76182297EF8E4007178B4 /* Preview Content */ = {
			isa = PBXGroup;
			children = (
				75C76183297EF8E4007178B4 /* Preview Assets.xcassets */,
			);
			path = "Preview Content";
			sourceTree = "<group>";
		};
/* End PBXGroup section */

/* Begin PBXNativeTarget section */
		75C76178297EF8E2007178B4 /* TicTacToe */ = {
			isa = PBXNativeTarget;
			buildConfigurationList = 75C76187297EF8E4007178B4 /* Build configuration list for PBXNativeTarget "TicTacToe" */;
			buildPhases = (
				75C76175297EF8E2007178B4 /* Sources */,
				75C76176297EF8E2007178B4 /* Frameworks */,
				75C76177297EF8E2007178B4 /* Resources */,
			);
			buildRules = (
			);
			dependencies = (
			);
			name = TicTacToe;
			productName = TicTacToe;
			productReference = 75C76179297EF8E2007178B4 /* TicTacToe.app */;
			productType = "com.apple.product-type.application";
		};
/* End PBXNativeTarget section */

/* Begin PBXProject section */
		75C76171297EF8E2007178B4 /* Project object */ = {
			isa = PBXProject;
			attributes = {
				BuildIndependentTargetsInParallel = 1;
				LastSwiftUpdateCheck = 1420;
				LastUpgradeCheck = 1420;
				TargetAttributes = {
					75C76178297EF8E2007178B4 = {
						CreatedOnToolsVersion = 14.2;
					};
				};
			};
			buildConfigurationList = 75C76174297EF8E2007178B4 /* Build configuration list for PBXProject "TicTacToe" */;
			compatibilityVersion = "Xcode 14.0";
			developmentRegion = en;
			hasScannedForEncodings = 0;
			knownRegions = (
				en,
				Base,
			);
			mainGroup = 75C76170297EF8E2007178B4;
			productRefGroup = 75C7617A297EF8E2007178B4 /* Products */;
			projectDirPath = "";
			projectRoot = "";
			targets = (
				75C76178297EF8E2007178B4 /* TicTacToe */,
			);
		};
/* End PBXProject section */

/* Begin PBXResourcesBuildPhase section */
		75C76177297EF8E2007178B4 /* Resources */ = {
			isa = PBXResourcesBuildPhase;
			buildActionMask = 2147483647;
			files = (
				753B3AAB2983227400EDDEFD /* Applause.mp3 in Resources */,
				756AACBE2992F1A5008A24B8 /* Chalkduster.ttf in Resources */,
				75C76184297EF8E4007178B4 /* Preview Assets.xcassets in Resources */,
				75C76181297EF8E4007178B4 /* Assets.xcassets in Resources */,
			);
			runOnlyForDeploymentPostprocessing = 0;
		};
/* End PBXResourcesBuildPhase section */

/* Begin PBXSourcesBuildPhase section */
		75C76175297EF8E2007178B4 /* Sources */ = {
			isa = PBXSourcesBuildPhase;
			buildActionMask = 2147483647;
			files = (
				756AACC02995730F008A24B8 /* Player.swift in Sources */,
				75C021BF29843E6A0034FB26 /* SettingsView.swift in Sources */,
				753B3AA929819A1900EDDEFD /* GameBoardGrid.swift in Sources */,
				75296FE0299D72D800060926 /* TicTacToeClassification.mlmodel in Sources */,
				75C021C4298DC0EF0034FB26 /* GameViewModel.swift in Sources */,
				753B3AA72980500F00EDDEFD /* TicTacToeGame.swift in Sources */,
				75002432298DF47F00852C91 /* SoundPlayer.swift in Sources */,
				75002436298DF4DB00852C91 /* Extensions.swift in Sources */,
				75002430298DF44700852C91 /* DataHandler.swift in Sources */,
				75C021C1298C9D730034FB26 /* MCConnector.swift in Sources */,
				75C7617F297EF8E2007178B4 /* GameView.swift in Sources */,
				75C7617D297EF8E2007178B4 /* TicTacToeApp.swift in Sources */,
			);
			runOnlyForDeploymentPostprocessing = 0;
		};
/* End PBXSourcesBuildPhase section */

/* Begin XCBuildConfiguration section */
		75C76185297EF8E4007178B4 /* Debug */ = {
			isa = XCBuildConfiguration;
			buildSettings = {
				ALWAYS_SEARCH_USER_PATHS = NO;
				CLANG_ANALYZER_NONNULL = YES;
				CLANG_ANALYZER_NUMBER_OBJECT_CONVERSION = YES_AGGRESSIVE;
				CLANG_CXX_LANGUAGE_STANDARD = "gnu++20";
				CLANG_ENABLE_MODULES = YES;
				CLANG_ENABLE_OBJC_ARC = YES;
				CLANG_ENABLE_OBJC_WEAK = YES;
				CLANG_WARN_BLOCK_CAPTURE_AUTORELEASING = YES;
				CLANG_WARN_BOOL_CONVERSION = YES;
				CLANG_WARN_COMMA = YES;
				CLANG_WARN_CONSTANT_CONVERSION = YES;
				CLANG_WARN_DEPRECATED_OBJC_IMPLEMENTATIONS = YES;
				CLANG_WARN_DIRECT_OBJC_ISA_USAGE = YES_ERROR;
				CLANG_WARN_DOCUMENTATION_COMMENTS = YES;
				CLANG_WARN_EMPTY_BODY = YES;
				CLANG_WARN_ENUM_CONVERSION = YES;
				CLANG_WARN_INFINITE_RECURSION = YES;
				CLANG_WARN_INT_CONVERSION = YES;
				CLANG_WARN_NON_LITERAL_NULL_CONVERSION = YES;
				CLANG_WARN_OBJC_IMPLICIT_RETAIN_SELF = YES;
				CLANG_WARN_OBJC_LITERAL_CONVERSION = YES;
				CLANG_WARN_OBJC_ROOT_CLASS = YES_ERROR;
				CLANG_WARN_QUOTED_INCLUDE_IN_FRAMEWORK_HEADER = YES;
				CLANG_WARN_RANGE_LOOP_ANALYSIS = YES;
				CLANG_WARN_STRICT_PROTOTYPES = YES;
				CLANG_WARN_SUSPICIOUS_MOVE = YES;
				CLANG_WARN_UNGUARDED_AVAILABILITY = YES_AGGRESSIVE;
				CLANG_WARN_UNREACHABLE_CODE = YES;
				CLANG_WARN__DUPLICATE_METHOD_MATCH = YES;
				COPY_PHASE_STRIP = NO;
				DEBUG_INFORMATION_FORMAT = dwarf;
				ENABLE_STRICT_OBJC_MSGSEND = YES;
				ENABLE_TESTABILITY = YES;
				GCC_C_LANGUAGE_STANDARD = gnu11;
				GCC_DYNAMIC_NO_PIC = NO;
				GCC_NO_COMMON_BLOCKS = YES;
				GCC_OPTIMIZATION_LEVEL = 0;
				GCC_PREPROCESSOR_DEFINITIONS = (
					"DEBUG=1",
					"$(inherited)",
				);
				GCC_WARN_64_TO_32_BIT_CONVERSION = YES;
				GCC_WARN_ABOUT_RETURN_TYPE = YES_ERROR;
				GCC_WARN_UNDECLARED_SELECTOR = YES;
				GCC_WARN_UNINITIALIZED_AUTOS = YES_AGGRESSIVE;
				GCC_WARN_UNUSED_FUNCTION = YES;
				GCC_WARN_UNUSED_VARIABLE = YES;
				IPHONEOS_DEPLOYMENT_TARGET = 16.2;
				MTL_ENABLE_DEBUG_INFO = INCLUDE_SOURCE;
				MTL_FAST_MATH = YES;
				ONLY_ACTIVE_ARCH = YES;
				SDKROOT = iphoneos;
				SWIFT_ACTIVE_COMPILATION_CONDITIONS = DEBUG;
				SWIFT_OPTIMIZATION_LEVEL = "-Onone";
			};
			name = Debug;
		};
		75C76186297EF8E4007178B4 /* Release */ = {
			isa = XCBuildConfiguration;
			buildSettings = {
				ALWAYS_SEARCH_USER_PATHS = NO;
				CLANG_ANALYZER_NONNULL = YES;
				CLANG_ANALYZER_NUMBER_OBJECT_CONVERSION = YES_AGGRESSIVE;
				CLANG_CXX_LANGUAGE_STANDARD = "gnu++20";
				CLANG_ENABLE_MODULES = YES;
				CLANG_ENABLE_OBJC_ARC = YES;
				CLANG_ENABLE_OBJC_WEAK = YES;
				CLANG_WARN_BLOCK_CAPTURE_AUTORELEASING = YES;
				CLANG_WARN_BOOL_CONVERSION = YES;
				CLANG_WARN_COMMA = YES;
				CLANG_WARN_CONSTANT_CONVERSION = YES;
				CLANG_WARN_DEPRECATED_OBJC_IMPLEMENTATIONS = YES;
				CLANG_WARN_DIRECT_OBJC_ISA_USAGE = YES_ERROR;
				CLANG_WARN_DOCUMENTATION_COMMENTS = YES;
				CLANG_WARN_EMPTY_BODY = YES;
				CLANG_WARN_ENUM_CONVERSION = YES;
				CLANG_WARN_INFINITE_RECURSION = YES;
				CLANG_WARN_INT_CONVERSION = YES;
				CLANG_WARN_NON_LITERAL_NULL_CONVERSION = YES;
				CLANG_WARN_OBJC_IMPLICIT_RETAIN_SELF = YES;
				CLANG_WARN_OBJC_LITERAL_CONVERSION = YES;
				CLANG_WARN_OBJC_ROOT_CLASS = YES_ERROR;
				CLANG_WARN_QUOTED_INCLUDE_IN_FRAMEWORK_HEADER = YES;
				CLANG_WARN_RANGE_LOOP_ANALYSIS = YES;
				CLANG_WARN_STRICT_PROTOTYPES = YES;
				CLANG_WARN_SUSPICIOUS_MOVE = YES;
				CLANG_WARN_UNGUARDED_AVAILABILITY = YES_AGGRESSIVE;
				CLANG_WARN_UNREACHABLE_CODE = YES;
				CLANG_WARN__DUPLICATE_METHOD_MATCH = YES;
				COPY_PHASE_STRIP = NO;
				DEBUG_INFORMATION_FORMAT = "dwarf-with-dsym";
				ENABLE_NS_ASSERTIONS = NO;
				ENABLE_STRICT_OBJC_MSGSEND = YES;
				GCC_C_LANGUAGE_STANDARD = gnu11;
				GCC_NO_COMMON_BLOCKS = YES;
				GCC_WARN_64_TO_32_BIT_CONVERSION = YES;
				GCC_WARN_ABOUT_RETURN_TYPE = YES_ERROR;
				GCC_WARN_UNDECLARED_SELECTOR = YES;
				GCC_WARN_UNINITIALIZED_AUTOS = YES_AGGRESSIVE;
				GCC_WARN_UNUSED_FUNCTION = YES;
				GCC_WARN_UNUSED_VARIABLE = YES;
				IPHONEOS_DEPLOYMENT_TARGET = 16.2;
				MTL_ENABLE_DEBUG_INFO = NO;
				MTL_FAST_MATH = YES;
				SDKROOT = iphoneos;
				SWIFT_COMPILATION_MODE = wholemodule;
				SWIFT_OPTIMIZATION_LEVEL = "-O";
				VALIDATE_PRODUCT = YES;
			};
			name = Release;
		};
		75C76188297EF8E4007178B4 /* Debug */ = {
			isa = XCBuildConfiguration;
			buildSettings = {
				ASSETCATALOG_COMPILER_APPICON_NAME = AppIcon;
				ASSETCATALOG_COMPILER_GLOBAL_ACCENT_COLOR_NAME = AccentColor;
				CODE_SIGN_STYLE = Automatic;
				CURRENT_PROJECT_VERSION = 1;
				DEVELOPMENT_ASSET_PATHS = "\"TicTacToe/Preview Content\"";
				DEVELOPMENT_TEAM = FHTY7F7T9A;
				ENABLE_PREVIEWS = YES;
				GENERATE_INFOPLIST_FILE = YES;
				INFOPLIST_FILE = TicTacToe/Info.plist;
				INFOPLIST_KEY_UIApplicationSceneManifest_Generation = YES;
				INFOPLIST_KEY_UIApplicationSupportsIndirectInputEvents = YES;
				INFOPLIST_KEY_UILaunchScreen_Generation = YES;
				INFOPLIST_KEY_UISupportedInterfaceOrientations = "UIInterfaceOrientationLandscapeLeft UIInterfaceOrientationLandscapeRight UIInterfaceOrientationPortrait UIInterfaceOrientationPortraitUpsideDown";
				LD_RUNPATH_SEARCH_PATHS = (
					"$(inherited)",
					"@executable_path/Frameworks",
				);
				MARKETING_VERSION = 1.0;
				PRODUCT_BUNDLE_IDENTIFIER = com.aloysiotk.dev.TicTacToe;
				PRODUCT_NAME = "$(TARGET_NAME)";
				SWIFT_EMIT_LOC_STRINGS = YES;
				SWIFT_VERSION = 5.0;
				TARGETED_DEVICE_FAMILY = "1,2";
			};
			name = Debug;
		};
		75C76189297EF8E4007178B4 /* Release */ = {
			isa = XCBuildConfiguration;
			buildSettings = {
				ASSETCATALOG_COMPILER_APPICON_NAME = AppIcon;
				ASSETCATALOG_COMPILER_GLOBAL_ACCENT_COLOR_NAME = AccentColor;
				CODE_SIGN_STYLE = Automatic;
				CURRENT_PROJECT_VERSION = 1;
				DEVELOPMENT_ASSET_PATHS = "\"TicTacToe/Preview Content\"";
				DEVELOPMENT_TEAM = FHTY7F7T9A;
				ENABLE_PREVIEWS = YES;
				GENERATE_INFOPLIST_FILE = YES;
				INFOPLIST_FILE = TicTacToe/Info.plist;
				INFOPLIST_KEY_UIApplicationSceneManifest_Generation = YES;
				INFOPLIST_KEY_UIApplicationSupportsIndirectInputEvents = YES;
				INFOPLIST_KEY_UILaunchScreen_Generation = YES;
				INFOPLIST_KEY_UISupportedInterfaceOrientations = "UIInterfaceOrientationLandscapeLeft UIInterfaceOrientationLandscapeRight UIInterfaceOrientationPortrait UIInterfaceOrientationPortraitUpsideDown";
				LD_RUNPATH_SEARCH_PATHS = (
					"$(inherited)",
					"@executable_path/Frameworks",
				);
				MARKETING_VERSION = 1.0;
				PRODUCT_BUNDLE_IDENTIFIER = com.aloysiotk.dev.TicTacToe;
				PRODUCT_NAME = "$(TARGET_NAME)";
				SWIFT_EMIT_LOC_STRINGS = YES;
				SWIFT_VERSION = 5.0;
				TARGETED_DEVICE_FAMILY = "1,2";
			};
			name = Release;
		};
/* End XCBuildConfiguration section */

/* Begin XCConfigurationList section */
		75C76174297EF8E2007178B4 /* Build configuration list for PBXProject "TicTacToe" */ = {
			isa = XCConfigurationList;
			buildConfigurations = (
				75C76185297EF8E4007178B4 /* Debug */,
				75C76186297EF8E4007178B4 /* Release */,
			);
			defaultConfigurationIsVisible = 0;
			defaultConfigurationName = Release;
		};
		75C76187297EF8E4007178B4 /* Build configuration list for PBXNativeTarget "TicTacToe" */ = {
			isa = XCConfigurationList;
			buildConfigurations = (
				75C76188297EF8E4007178B4 /* Debug */,
				75C76189297EF8E4007178B4 /* Release */,
			);
			defaultConfigurationIsVisible = 0;
			defaultConfigurationName = Release;
		};
/* End XCConfigurationList section */
	};
	rootObject = 75C76171297EF8E2007178B4 /* Project object */;
}
